github.com/go-chi/chi v4.0.2+incompatible h1:maB6vn6FqCxrpz4FqWdh4+lwpyZIQS7YEAUcHlgXVRs=
github.com/go-chi/chi v4.0.2+incompatible/go.mod h1:eB3wogJHnLi3x/kFX2A+IbTBlXxmMeXJVKy9tTv1XzQ=
github.com/go-chi/chi v4.0.3+incompatible h1:gakN3pDJnzZN5jqFV2TEdF66rTfKeITyR8qu6ekICEY=
github.com/go-chi/chi v4.0.3+incompatible/go.mod h1:eB3wogJHnLi3x/kFX2A+IbTBlXxmMeXJVKy9tTv1XzQ=
github.com/google/go-cmp v0.3.1 h1:Xye71clBPdm5HgqGwUkwhbynsUJZhDbS20FvLhQ2izg=
github.com/google/go-cmp v0.3.1/go.mod h1:8QqcDgzrUqlUb/G2PQTWiueGozuR1884gddMywk6iLU=
github.com/google/go-cmp v0.4.0 h1:xsAVV57WRhGj6kEIi8ReJzQlHHqcBYCElAvkovg3B/4=
github.com/google/go-cmp v0.4.0/go.mod h1:v8dTdLbMG2kIc/vJvl+f65V22dbkXbowE6jgT/gNBxE=
github.com/monoculum/formam v0.0.0-20190830100315-7ff9597b1407 h1:ZU5O9BawmEx9Mu1lxn9NLIwO9DrqRfjE+HWKU+e9GKQ=
github.com/monoculum/formam v0.0.0-20190830100315-7ff9597b1407/go.mod h1:JKa2av1XVkGjhxdLS59nDoXa2JpmIHpnURWNbzCtXtc=
github.com/monoculum/formam v0.0.0-20191229172733-952f0766a724 h1:qlTmDrFZLQIGXnd1JE58dqyLnKyIJjR9WBeDQcT3O8w=
github.com/monoculum/formam v0.0.0-20191229172733-952f0766a724/go.mod h1:JKa2av1XVkGjhxdLS59nDoXa2JpmIHpnURWNbzCtXtc=
github.com/pkg/errors v0.8.0/go.mod h1:bwawxfHBFNV+L2hUp1rHADufV3IMtnDRdf1r5NINEl0=
github.com/pkg/errors v0.8.1 h1:iURUrRGxPUNPdy5/HRSm+Yj6okJ6UtLINN0Q9M4+h3I=
github.com/pkg/errors v0.8.1/go.mod h1:bwawxfHBFNV+L2hUp1rHADufV3IMtnDRdf1r5NINEl0=
github.com/pkg/errors v0.9.1 h1:FEBLx1zS214owpjy7qsBeixbURkuhQAwrK5UwLGTwt4=
github.com/pkg/errors v0.9.1/go.mod h1:bwawxfHBFNV+L2hUp1rHADufV3IMtnDRdf1r5NINEl0=
github.com/teamwork/guru v0.0.0-20180416195845-617a8909cb7f h1:kwbmkbKXi5nf1FjBe7zLEey6yfPvsck7Xuc0/9z76Sc=
github.com/teamwork/guru v0.0.0-20180416195845-617a8909cb7f/go.mod h1:1DW23kFX0aXn1kRSuQAY+Byk74h1kZHvhJL72qBUrfU=
github.com/teamwork/guru v1.0.0 h1:iOnJwnmfZnwp6ny7+G7/h8OtLjuB9XxmSh5ikwaljzQ=
github.com/teamwork/guru v1.0.0/go.mod h1:1DW23kFX0aXn1kRSuQAY+Byk74h1kZHvhJL72qBUrfU=
golang.org/x/crypto v0.0.0-20190308221718-c2843e01d9a2/go.mod h1:djNgcEr1/C05ACkg1iLfiJU5Ep61QUkGW8qpdssI0+w=
golang.org/x/net v0.0.0-20190724013045-ca1201d0de80/go.mod h1:z5CRVTTTmAJ677TzLLGU+0bjPO0LkuOLi4/5GtJWs/s=
golang.org/x/sys v0.0.0-20190215142949-d0b11bdaac8a/go.mod h1:STP8DvDyc/dI5b8T5hshtkjS+E42TnysNCUPdjciGhY=
golang.org/x/text v0.3.0/go.mod h1:NqM8EUOU14njkJ3fqMW+pc6Ldnwhi/IjpwHt7yyuwOQ=
golang.org/x/xerrors v0.0.0-20191204190536-9bdfabe68543/go.mod h1:I/5z698sn9Ka8TeJc9MKroUUfqBBauWjQqLJ2OPfmY0=
zgo.at/utils v0.0.0-20191016025157-52ea15392a16 h1:+wY2KBlxI32OF4XwirSm4kDRniNL/dooD8Efg3xxJ64=
zgo.at/utils v0.0.0-20191016025157-52ea15392a16/go.mod h1:PET0dez1GVYYmyI5x/+eJGbyOOF9s2YW8U+gRv7Looo=
zgo.at/utils v0.0.0-20191105050800-0bd55a7ff246 h1:YVWoMsMiwQ61gDv1T1LTpcbxZTQPRSfz3GfKu09ytOA=
zgo.at/utils v0.0.0-20191105050800-0bd55a7ff246/go.mod h1:PET0dez1GVYYmyI5x/+eJGbyOOF9s2YW8U+gRv7Looo=
zgo.at/utils v1.2.0 h1:Ohv+XfqyoiSdl9lCbyiDZ5E4YgEXWxxE4Y/holHDiYo=
zgo.at/utils v1.2.0/go.mod h1:7acz1AfMZAOOC1wTi6QbYFie+eA0LRSHE38TwLZsFcA=
zgo.at/utils v1.3.0 h1:ODsvF5O/B5VT0xh0zVOQda4sYkJDRXYxwqxQauieXio=
zgo.at/utils v1.3.0/go.mod h1:7acz1AfMZAOOC1wTi6QbYFie+eA0LRSHE38TwLZsFcA=
zgo.at/zhttp v0.0.0-20191016110155-3f03574a8867 h1:ytkssqtYYWSHHZ8iHFW0Yvo+BDpaI5u5TqW3wen1wgk=
zgo.at/zhttp v0.0.0-20191016110155-3f03574a8867/go.mod h1:kLieg15WPcQf2bqVgZ9dUDaXla6PrrqqxBcldGnRPYc=
zgo.at/zhttp v0.0.0-20191110122152-d0233c686914 h1:xd0mSqOmWlbB1t193gAgiOQ+e6Zm4yZozxRdP4ADeC0=
zgo.at/zhttp v0.0.0-20191110122152-d0233c686914/go.mod h1:+wMD/vcuw9TRv/LT3+J8Z9cXs9/PkSh7zJ+lhf7woCs=
zgo.at/zhttp v0.0.0-20191110123636-c5605d1a4d8e h1:8mFb11GZujs3/lbfxb/OYPpVdA0VGzWl5miV4x5HO5U=
zgo.at/zhttp v0.0.0-20191110123636-c5605d1a4d8e/go.mod h1:+wMD/vcuw9TRv/LT3+J8Z9cXs9/PkSh7zJ+lhf7woCs=
zgo.at/zhttp v0.0.0-20191110150335-5c47c32983d4 h1:nWdJTpdgcukx8TStU0x0a0t4Jg3GJ2ogaWbP1eOUxtk=
zgo.at/zhttp v0.0.0-20191110150335-5c47c32983d4/go.mod h1:+wMD/vcuw9TRv/LT3+J8Z9cXs9/PkSh7zJ+lhf7woCs=
zgo.at/zhttp v0.0.0-20200115164934-3af3cb27bf0b h1:xTXb69qkPG1I2glFT/S1OSjpF+1TPW7xMlJioqJ3Tyw=
zgo.at/zhttp v0.0.0-20200115164934-3af3cb27bf0b/go.mod h1:7PO/E4nqxbstyxX95cqKJOpZAVKNKoohk5utWZIdKz0=
zgo.at/zlog v1.0.3 h1:VARDTSzp2tP0S0xYuITAlU/occFWEAbli7LM3ol/c+s=
zgo.at/zlog v1.0.3/go.mod h1:V3ytbwhdFfmcUglEwnvlJ0VKoFocxpfhRUAISEERmZ8=
zgo.at/zlog v1.0.5 h1:8TColnNPK6v4ckxUJxYz5t+2Ml+s05aFNy/NpxLPcTk=
zgo.at/zlog v1.0.5/go.mod h1:V3ytbwhdFfmcUglEwnvlJ0VKoFocxpfhRUAISEERmZ8=
zgo.at/zlog v1.0.6 h1:0LN5DIYbajUNSZrTa7pt3UgRxiG5R5NZoiR0OjDQVnU=
zgo.at/zlog v1.0.6/go.mod h1:KC3mmJFl0M9IMPNk+5agwLeDHZFl1ANXAFI+stzDXfw=
zgo.at/zlog v1.0.7/go.mod h1:0RldP/sQzWwOCPsJogZcxnJneFt56T1zfDtIN/LcYec=
zgo.at/zlog v1.0.8 h1:uXgCFWdGkixSrGD83zjMFHSk3OD9V89UaN9KANO+yCM=
zgo.at/zlog v1.0.8/go.mod h1:0RldP/sQzWwOCPsJogZcxnJneFt56T1zfDtIN/LcYec=
zgo.at/zpack v0.0.0-20191017081413-891e9f24a4d3 h1:ukk6cQoZ9x3do1xVtDCDz48o4ulKXl4GzBTmPaPWp9I=
zgo.at/zpack v0.0.0-20191017081413-891e9f24a4d3/go.mod h1:2laAAHqImmeiTlMAQ2PlMRBVhS6YKPkUoosMfdv7GXY=
zgo.at/zpack v0.0.0-20191110094633-8eca66c80c17 h1:+vP+S1TbuihxmPvlgIElD6hPrEGbTpzSuK28UH00+Kg=
zgo.at/zpack v0.0.0-20191110094633-8eca66c80c17/go.mod h1:2laAAHqImmeiTlMAQ2PlMRBVhS6YKPkUoosMfdv7GXY=
zgo.at/zpack v0.0.0-20191110113459-aab2cde4af0f h1:s9tHdCwN464UgoE2ObQE5pMWSctsBKHRG6hxdZQ8azM=
zgo.at/zpack v0.0.0-20191110113459-aab2cde4af0f/go.mod h1:2laAAHqImmeiTlMAQ2PlMRBVhS6YKPkUoosMfdv7GXY=
zgo.at/zpack v1.0.0 h1:gcew5c1Bhh6uzi22nfsr/ztXT7UVVbb4Rw4gv0btHao=
zgo.at/zpack v1.0.0/go.mod h1:2laAAHqImmeiTlMAQ2PlMRBVhS6YKPkUoosMfdv7GXY=
zgo.at/ztest v0.0.0-20191016022435-f3e360521191/go.mod h1:iTxcAVkHLq73Qnd+a8rlwc6Ayrk8sbnJPsGeapG/y0Q=
zgo.at/ztest v0.0.0-20191108073241-44bac275c1ec h1:3H3+2zlDQ+dnlD6I9Tdmqds/HfnsHzlNAZiPiXNXS4c=
zgo.at/ztest v0.0.0-20191108073241-44bac275c1ec/go.mod h1:iTxcAVkHLq73Qnd+a8rlwc6Ayrk8sbnJPsGeapG/y0Q=
zgo.at/ztest v1.0.0 h1:MKJXDboceOH2bFKaWN8GJ0bUgfJgx4pp/HWeCTOCJbA=
zgo.at/ztest v1.0.0/go.mod h1:iTxcAVkHLq73Qnd+a8rlwc6Ayrk8sbnJPsGeapG/y0Q=
